// !$*UTF8*$!
{
	archiveVersion = 1;
	classes = {
	};
	objectVersion = 46;
	objects = {

/* Begin PBXBuildFile section */
		13B67A3F1EA4D42200617031 /* AppDelegate.swift in Sources */ = {isa = PBXBuildFile; fileRef = 13B67A3E1EA4D42200617031 /* AppDelegate.swift */; };
		13B67A411EA4D42200617031 /* ViewController.swift in Sources */ = {isa = PBXBuildFile; fileRef = 13B67A401EA4D42200617031 /* ViewController.swift */; };
		13B67A441EA4D42200617031 /* Main.storyboard in Resources */ = {isa = PBXBuildFile; fileRef = 13B67A421EA4D42200617031 /* Main.storyboard */; };
		13B67A461EA4D42200617031 /* Assets.xcassets in Resources */ = {isa = PBXBuildFile; fileRef = 13B67A451EA4D42200617031 /* Assets.xcassets */; };
		13B67A491EA4D42200617031 /* LaunchScreen.storyboard in Resources */ = {isa = PBXBuildFile; fileRef = 13B67A471EA4D42200617031 /* LaunchScreen.storyboard */; };
/* End PBXBuildFile section */

/* Begin PBXFileReference section */
		13B67A3B1EA4D42200617031 /* gitexperiments.app */ = {isa = PBXFileReference; explicitFileType = wrapper.application; includeInIndex = 0; path = gitexperiments.app; sourceTree = BUILT_PRODUCTS_DIR; };
		13B67A3E1EA4D42200617031 /* AppDelegate.swift */ = {isa = PBXFileReference; lastKnownFileType = sourcecode.swift; path = AppDelegate.swift; sourceTree = "<group>"; };
		13B67A401EA4D42200617031 /* ViewController.swift */ = {isa = PBXFileReference; lastKnownFileType = sourcecode.swift; path = ViewController.swift; sourceTree = "<group>"; };
		13B67A431EA4D42200617031 /* Base */ = {isa = PBXFileReference; lastKnownFileType = file.storyboard; name = Base; path = Base.lproj/Main.storyboard; sourceTree = "<group>"; };
		13B67A451EA4D42200617031 /* Assets.xcassets */ = {isa = PBXFileReference; lastKnownFileType = folder.assetcatalog; path = Assets.xcassets; sourceTree = "<group>"; };
		13B67A481EA4D42200617031 /* Base */ = {isa = PBXFileReference; lastKnownFileType = file.storyboard; name = Base; path = Base.lproj/LaunchScreen.storyboard; sourceTree = "<group>"; };
		13B67A4A1EA4D42200617031 /* Info.plist */ = {isa = PBXFileReference; lastKnownFileType = text.plist.xml; path = Info.plist; sourceTree = "<group>"; };
/* End PBXFileReference section */

/* Begin PBXFrameworksBuildPhase section */
		13B67A381EA4D42200617031 /* Frameworks */ = {
			isa = PBXFrameworksBuildPhase;
			buildActionMask = 2147483647;
			files = (
			);
			runOnlyForDeploymentPostprocessing = 0;
		};
/* End PBXFrameworksBuildPhase section */

/* Begin PBXGroup section */
		13B67A321EA4D42200617031 = {
			isa = PBXGroup;
			children = (
				13B67A3D1EA4D42200617031 /* gitexperiments */,
				13B67A3C1EA4D42200617031 /* Products */,
			);
			sourceTree = "<group>";
		};
		13B67A3C1EA4D42200617031 /* Products */ = {
			isa = PBXGroup;
			children = (
				13B67A3B1EA4D42200617031 /* gitexperiments.app */,
			);
			name = Products;
			sourceTree = "<group>";
		};
		13B67A3D1EA4D42200617031 /* gitexperiments */ = {
			isa = PBXGroup;
			children = (
				13B67A3E1EA4D42200617031 /* AppDelegate.swift */,
				13B67A401EA4D42200617031 /* ViewController.swift */,
				13B67A421EA4D42200617031 /* Main.storyboard */,
				13B67A451EA4D42200617031 /* Assets.xcassets */,
				13B67A471EA4D42200617031 /* LaunchScreen.storyboard */,
				13B67A4A1EA4D42200617031 /* Info.plist */,
			);
			path = gitexperiments;
			sourceTree = "<group>";
		};
/* End PBXGroup section */

/* Begin PBXNativeTarget section */
		13B67A3A1EA4D42200617031 /* gitexperiments */ = {
			isa = PBXNativeTarget;
			buildConfigurationList = 13B67A4D1EA4D42200617031 /* Build configuration list for PBXNativeTarget "gitexperiments" */;
			buildPhases = (
				13B67A371EA4D42200617031 /* Sources */,
				13B67A381EA4D42200617031 /* Frameworks */,
				13B67A391EA4D42200617031 /* Resources */,
			);
			buildRules = (
			);
			dependencies = (
			);
			name = gitexperiments;
			productName = gitexperiments;
			productReference = 13B67A3B1EA4D42200617031 /* gitexperiments.app */;
			productType = "com.apple.product-type.application";
		};
/* End PBXNativeTarget section */

/* Begin PBXProject section */
		13B67A331EA4D42200617031 /* Project object */ = {
			isa = PBXProject;
			attributes = {
				LastSwiftUpdateCheck = 0830;
				LastUpgradeCheck = 0830;
				ORGANIZATIONNAME = "Ishwar Kaushik";
				TargetAttributes = {
					13B67A3A1EA4D42200617031 = {
						CreatedOnToolsVersion = 8.3;
						ProvisioningStyle = Automatic;
					};
				};
			};
			buildConfigurationList = 13B67A361EA4D42200617031 /* Build configuration list for PBXProject "gitexperiments" */;
			compatibilityVersion = "Xcode 3.2";
			developmentRegion = English;
			hasScannedForEncodings = 0;
			knownRegions = (
				en,
				Base,
			);
			mainGroup = 13B67A321EA4D42200617031;
			productRefGroup = 13B67A3C1EA4D42200617031 /* Products */;
			projectDirPath = "";
			projectRoot = "";
			targets = (
				13B67A3A1EA4D42200617031 /* gitexperiments */,
			);
		};
/* End PBXProject section */

/* Begin PBXResourcesBuildPhase section */
		13B67A391EA4D42200617031 /* Resources */ = {
			isa = PBXResourcesBuildPhase;
			buildActionMask = 2147483647;
			files = (
				13B67A491EA4D42200617031 /* LaunchScreen.storyboard in Resources */,
				13B67A461EA4D42200617031 /* Assets.xcassets in Resources */,
				13B67A441EA4D42200617031 /* Main.storyboard in Resources */,
			);
			runOnlyForDeploymentPostprocessing = 0;
		};
/* End PBXResourcesBuildPhase section */

/* Begin PBXSourcesBuildPhase section */
		13B67A371EA4D42200617031 /* Sources */ = {
			isa = PBXSourcesBuildPhase;
			buildActionMask = 2147483647;
			files = (
				13B67A411EA4D42200617031 /* ViewController.swift in Sources */,
				13B67A3F1EA4D42200617031 /* AppDelegate.swift in Sources */,
			);
			runOnlyForDeploymentPostprocessing = 0;
		};
/* End PBXSourcesBuildPhase section */

/* Begin PBXVariantGroup section */
		13B67A421EA4D42200617031 /* Main.storyboard */ = {
			isa = PBXVariantGroup;
			children = (
				13B67A431EA4D42200617031 /* Base */,
			);
			name = Main.storyboard;
			sourceTree = "<group>";
		};
		13B67A471EA4D42200617031 /* LaunchScreen.storyboard */ = {
			isa = PBXVariantGroup;
			children = (
				13B67A481EA4D42200617031 /* Base */,
			);
			name = LaunchScreen.storyboard;
			sourceTree = "<group>";
		};
/* End PBXVariantGroup section */

/* Begin XCBuildConfiguration section */
		13B67A4B1EA4D42200617031 /* Debug */ = {
			isa = XCBuildConfiguration;
			buildSettings = {
				ALWAYS_SEARCH_USER_PATHS = NO;
				CLANG_ANALYZER_NONNULL = YES;
				CLANG_ANALYZER_NUMBER_OBJECT_CONVERSION = YES_AGGRESSIVE;
				CLANG_CXX_LANGUAGE_STANDARD = "gnu++0x";
				CLANG_CXX_LIBRARY = "libc++";
				CLANG_ENABLE_MODULES = YES;
				CLANG_ENABLE_OBJC_ARC = YES;
				CLANG_WARN_BOOL_CONVERSION = YES;
				CLANG_WARN_CONSTANT_CONVERSION = YES;
				CLANG_WARN_DIRECT_OBJC_ISA_USAGE = YES_ERROR;
				CLANG_WARN_DOCUMENTATION_COMMENTS = YES;
				CLANG_WARN_EMPTY_BODY = YES;
				CLANG_WARN_ENUM_CONVERSION = YES;
				CLANG_WARN_INFINITE_RECURSION = YES;
				CLANG_WARN_INT_CONVERSION = YES;
				CLANG_WARN_OBJC_ROOT_CLASS = YES_ERROR;
				CLANG_WARN_SUSPICIOUS_MOVE = YES;
				CLANG_WARN_UNREACHABLE_CODE = YES;
				CLANG_WARN__DUPLICATE_METHOD_MATCH = YES;
				"CODE_SIGN_IDENTITY[sdk=iphoneos*]" = "iPhone Developer";
				COPY_PHASE_STRIP = NO;
				DEBUG_INFORMATION_FORMAT = dwarf;
				ENABLE_STRICT_OBJC_MSGSEND = YES;
				ENABLE_TESTABILITY = YES;
				GCC_C_LANGUAGE_STANDARD = gnu99;
				GCC_DYNAMIC_NO_PIC = NO;
				GCC_NO_COMMON_BLOCKS = YES;
				GCC_OPTIMIZATION_LEVEL = 0;
				GCC_PREPROCESSOR_DEFINITIONS = (
					"DEBUG=1",
					"$(inherited)",
				);
				GCC_WARN_64_TO_32_BIT_CONVERSION = YES;
				GCC_WARN_ABOUT_RETURN_TYPE = YES_ERROR;
				GCC_WARN_UNDECLARED_SELECTOR = YES;
				GCC_WARN_UNINITIALIZED_AUTOS = YES_AGGRESSIVE;
				GCC_WARN_UNUSED_FUNCTION = YES;
				GCC_WARN_UNUSED_VARIABLE = YES;
				IPHONEOS_DEPLOYMENT_TARGET = 10.3;
				MTL_ENABLE_DEBUG_INFO = YES;
				ONLY_ACTIVE_ARCH = YES;
				SDKROOT = iphoneos;
				SWIFT_ACTIVE_COMPILATION_CONDITIONS = DEBUG;
				SWIFT_OPTIMIZATION_LEVEL = "-Onone";
			};
			name = Debug;
		};
		13B67A4C1EA4D42200617031 /* Release */ = {
			isa = XCBuildConfiguration;
			buildSettings = {
				ALWAYS_SEARCH_USER_PATHS = NO;
				CLANG_ANALYZER_NONNULL = YES;
				CLANG_ANALYZER_NUMBER_OBJECT_CONVERSION = YES_AGGRESSIVE;
				CLANG_CXX_LANGUAGE_STANDARD = "gnu++0x";
				CLANG_CXX_LIBRARY = "libc++";
				CLANG_ENABLE_MODULES = YES;
				CLANG_ENABLE_OBJC_ARC = YES;
				CLANG_WARN_BOOL_CONVERSION = YES;
				CLANG_WARN_CONSTANT_CONVERSION = YES;
				CLANG_WARN_DIRECT_OBJC_ISA_USAGE = YES_ERROR;
				CLANG_WARN_DOCUMENTATION_COMMENTS = YES;
				CLANG_WARN_EMPTY_BODY = YES;
				CLANG_WARN_ENUM_CONVERSION = YES;
				CLANG_WARN_INFINITE_RECURSION = YES;
				CLANG_WARN_INT_CONVERSION = YES;
				CLANG_WARN_OBJC_ROOT_CLASS = YES_ERROR;
				CLANG_WARN_SUSPICIOUS_MOVE = YES;
				CLANG_WARN_UNREACHABLE_CODE = YES;
				CLANG_WARN__DUPLICATE_METHOD_MATCH = YES;
				"CODE_SIGN_IDENTITY[sdk=iphoneos*]" = "iPhone Developer";
				COPY_PHASE_STRIP = NO;
				DEBUG_INFORMATION_FORMAT = "dwarf-with-dsym";
				ENABLE_NS_ASSERTIONS = NO;
				ENABLE_STRICT_OBJC_MSGSEND = YES;
				GCC_C_LANGUAGE_STANDARD = gnu99;
				GCC_NO_COMMON_BLOCKS = YES;
				GCC_WARN_64_TO_32_BIT_CONVERSION = YES;
				GCC_WARN_ABOUT_RETURN_TYPE = YES_ERROR;
				GCC_WARN_UNDECLARED_SELECTOR = YES;
				GCC_WARN_UNINITIALIZED_AUTOS = YES_AGGRESSIVE;
				GCC_WARN_UNUSED_FUNCTION = YES;
				GCC_WARN_UNUSED_VARIABLE = YES;
				IPHONEOS_DEPLOYMENT_TARGET = 10.3;
				MTL_ENABLE_DEBUG_INFO = NO;
				SDKROOT = iphoneos;
				SWIFT_OPTIMIZATION_LEVEL = "-Owholemodule";
				VALIDATE_PRODUCT = YES;
			};
			name = Release;
		};
		13B67A4E1EA4D42200617031 /* Debug */ = {
			isa = XCBuildConfiguration;
			buildSettings = {
				ASSETCATALOG_COMPILER_APPICON_NAME = AppIcon;
				INFOPLIST_FILE = gitexperiments/Info.plist;
				LD_RUNPATH_SEARCH_PATHS = "$(inherited) @executable_path/Frameworks";
				PRODUCT_BUNDLE_IDENTIFIER = com.ishwar.gitexperiments;
				PRODUCT_NAME = "$(TARGET_NAME)";
				SWIFT_VERSION = 3.0;
			};
			name = Debug;
		};
		13B67A4F1EA4D42200617031 /* Release */ = {
			isa = XCBuildConfiguration;
			buildSettings = {
				ASSETCATALOG_COMPILER_APPICON_NAME = AppIcon;
				INFOPLIST_FILE = gitexperiments/Info.plist;
				LD_RUNPATH_SEARCH_PATHS = "$(inherited) @executable_path/Frameworks";
				PRODUCT_BUNDLE_IDENTIFIER = com.ishwar.gitexperiments;
				PRODUCT_NAME = "$(TARGET_NAME)";
				SWIFT_VERSION = 3.0;
			};
			name = Release;
		};
/* End XCBuildConfiguration section */

/* Begin XCConfigurationList section */
		13B67A361EA4D42200617031 /* Build configuration list for PBXProject "gitexperiments" */ = {
			isa = XCConfigurationList;
			buildConfigurations = (
				13B67A4B1EA4D42200617031 /* Debug */,
				13B67A4C1EA4D42200617031 /* Release */,
			);
			defaultConfigurationIsVisible = 0;
			defaultConfigurationName = Release;
		};
		13B67A4D1EA4D42200617031 /* Build configuration list for PBXNativeTarget "gitexperiments" */ = {
			isa = XCConfigurationList;
			buildConfigurations = (
				13B67A4E1EA4D42200617031 /* Debug */,
				13B67A4F1EA4D42200617031 /* Release */,
			);
			defaultConfigurationIsVisible = 0;
		};
/* End XCConfigurationList section */
	};
	rootObject = 13B67A331EA4D42200617031 /* Project object */;
}
